
Microsoft Visual Studio Solution File, Format Version 12.00
# Visual Studio Version 16
VisualStudioVersion = 16.0.32106.194
MinimumVisualStudioVersion = 10.0.40219.1
Project("{FAE04EC0-301F-11D3-BF4B-00C04F79EFBC}") = "macro", "macro.csproj", "{DA61F025-B0C2-49A7-B44B-0B6D705D81BB}"
EndProject
Global
	GlobalSection(SolutionConfigurationPlatforms) = preSolution
		Debug|Any CPU = Debug|Any CPU
		Release|Any CPU = Release|Any CPU
	EndGlobalSection
	GlobalSection(ProjectConfigurationPlatforms) = postSolution
		{DA61F025-B0C2-49A7-B44B-0B6D705D81BB}.Debug|Any CPU.ActiveCfg = Debug|Any CPU
		{DA61F025-B0C2-49A7-B44B-0B6D705D81BB}.Debug|Any CPU.Build.0 = Debug|Any CPU
		{DA61F025-B0C2-49A7-B44B-0B6D705D81BB}.Release|Any CPU.ActiveCfg = Release|Any CPU
		{DA61F025-B0C2-49A7-B44B-0B6D705D81BB}.Release|Any CPU.Build.0 = Release|Any CPU
	EndGlobalSection
	GlobalSection(SolutionProperties) = preSolution
		HideSolutionNode = FALSE
	EndGlobalSection
	GlobalSection(ExtensibilityGlobals) = postSolution
		SolutionGuid = {CEC98E36-3FC4-4919-835F-BCA4214556E3}
	EndGlobalSection
EndGlobal
